
Microsoft Visual Studio Solution File, Format Version 12.00
# Visual Studio Version 16
VisualStudioVersion = 16.0.31112.23
MinimumVisualStudioVersion = 10.0.40219.1
Project("{9A19103F-16F7-4668-BE54-9A1E7A4F7556}") = "BusStation.DAL", "BusStation.DAL\BusStation.DAL.csproj", "{FDC29F3C-FB05-4C8E-B2A2-AA027620F4F5}"
EndProject
Project("{9A19103F-16F7-4668-BE54-9A1E7A4F7556}") = "BusStation.BLL", "BusStation.BLL\BusStation.BLL.csproj", "{9DAE3C56-7467-4703-AD9C-F6513F139541}"
EndProject
Project("{9A19103F-16F7-4668-BE54-9A1E7A4F7556}") = "BusStation.Tests", "BusStation.Tests\BusStation.Tests.csproj", "{5FFB755E-29A1-4F1D-B628-909AF252BA72}"
EndProject
Project("{FAE04EC0-301F-11D3-BF4B-00C04F79EFBC}") = "BusStation.GUI", "BusStation.GUI\BusStation.GUI.csproj", "{B589AC7E-0AA6-46E2-ABE8-6869BC1E56F1}"
EndProject
Global
	GlobalSection(SolutionConfigurationPlatforms) = preSolution
		Debug|Any CPU = Debug|Any CPU
		Release|Any CPU = Release|Any CPU
	EndGlobalSection
	GlobalSection(ProjectConfigurationPlatforms) = postSolution
		{FDC29F3C-FB05-4C8E-B2A2-AA027620F4F5}.Debug|Any CPU.ActiveCfg = Debug|Any CPU
		{FDC29F3C-FB05-4C8E-B2A2-AA027620F4F5}.Debug|Any CPU.Build.0 = Debug|Any CPU
		{FDC29F3C-FB05-4C8E-B2A2-AA027620F4F5}.Release|Any CPU.ActiveCfg = Release|Any CPU
		{FDC29F3C-FB05-4C8E-B2A2-AA027620F4F5}.Release|Any CPU.Build.0 = Release|Any CPU
		{9DAE3C56-7467-4703-AD9C-F6513F139541}.Debug|Any CPU.ActiveCfg = Debug|Any CPU
		{9DAE3C56-7467-4703-AD9C-F6513F139541}.Debug|Any CPU.Build.0 = Debug|Any CPU
		{9DAE3C56-7467-4703-AD9C-F6513F139541}.Release|Any CPU.ActiveCfg = Release|Any CPU
		{9DAE3C56-7467-4703-AD9C-F6513F139541}.Release|Any CPU.Build.0 = Release|Any CPU
		{5FFB755E-29A1-4F1D-B628-909AF252BA72}.Debug|Any CPU.ActiveCfg = Debug|Any CPU
		{5FFB755E-29A1-4F1D-B628-909AF252BA72}.Debug|Any CPU.Build.0 = Debug|Any CPU
		{5FFB755E-29A1-4F1D-B628-909AF252BA72}.Release|Any CPU.ActiveCfg = Release|Any CPU
		{5FFB755E-29A1-4F1D-B628-909AF252BA72}.Release|Any CPU.Build.0 = Release|Any CPU
		{B589AC7E-0AA6-46E2-ABE8-6869BC1E56F1}.Debug|Any CPU.ActiveCfg = Debug|Any CPU
		{B589AC7E-0AA6-46E2-ABE8-6869BC1E56F1}.Debug|Any CPU.Build.0 = Debug|Any CPU
		{B589AC7E-0AA6-46E2-ABE8-6869BC1E56F1}.Release|Any CPU.ActiveCfg = Release|Any CPU
		{B589AC7E-0AA6-46E2-ABE8-6869BC1E56F1}.Release|Any CPU.Build.0 = Release|Any CPU
	EndGlobalSection
	GlobalSection(SolutionProperties) = preSolution
		HideSolutionNode = FALSE
	EndGlobalSection
	GlobalSection(ExtensibilityGlobals) = postSolution
		SolutionGuid = {9481556D-A6AD-47D0-BD1C-2A071F57EE94}
	EndGlobalSection
EndGlobal
